# THIS IS AN AUTOGENERATED FILE. DO NOT EDIT THIS FILE DIRECTLY.
# yarn lockfile v1


"@capacitor/android@latest":
  version "1.0.0"
  resolved "https://registry.yarnpkg.com/@capacitor/android/-/android-1.0.0.tgz#b361822235f382661255d3f6ad4c427b24e5563b"
  integrity sha512-XQN6uDf4hspXhes/1V17RzdJvz1YReNLA0RplUMUrhhWGVhg7zrDnCOZu6+dH8cJI4HYa/MrxuzP/5gV6mM53A==

"@capacitor/core@latest":
  version "1.0.0"
  resolved "https://registry.yarnpkg.com/@capacitor/core/-/core-1.0.0.tgz#570f7e1632db96b659b0b4185adf5bba22ea1330"
  integrity sha512-boShLzDIP/IxJ7v8ZqimepBXyxY3B/+fbyj1ISNGUk2b3tg4fWqVL0DIG1HvsODjF4Bg0mGVuuSNChykaAp8iw==
  dependencies:
    tslib "^1.9.0"

"@capacitor/ios@latest":
  version "1.0.0"
  resolved "https://registry.yarnpkg.com/@capacitor/ios/-/ios-1.0.0.tgz#6d43661ac8137d145cb9ba447afeb4646191119b"
  integrity sha512-FCTEcwmTr5t1EB0sFTGXB8EBkP4TgYzjnZvdAiEmJO6C2cjLjCPWMFxHkXtz4HWG8KbZ1U0TXAE5YeDUyy2PDw==

tslib@^1.9.0:
  version "1.9.3"
  resolved "https://registry.yarnpkg.com/tslib/-/tslib-1.9.3.tgz#d7e4dd79245d85428c4d7e4822a79917954ca286"
  integrity sha512-4krF8scpejhaOgqzBEcGM7yDIEfi0/8+8zDRZhNZZ2kjmHJ4hv3zCbQWxoJGz1iw5U0Jl0nma13xzHXcncMavQ==

typescript@^3.2.4:
  version "3.5.1"
  resolved "https://registry.yarnpkg.com/typescript/-/typescript-3.5.1.tgz#ba72a6a600b2158139c5dd8850f700e231464202"
  integrity sha512-64HkdiRv1yYZsSe4xC1WVgamNigVYjlssIoaH2HcZF0+ijsk5YK2g0G34w9wJkze8+5ow4STd22AynfO6ZYYLw==
