PODS:
  - Analytics (3.6.10)
  - Capacitor (1.0.0):
    - CapacitorCordova (= 1.0.0)
  - CapacitorCordova (1.0.0)

DEPENDENCIES:
  - Analytics (= 3.6.10)
  - "Capacitor (from `../node_modules/@capacitor/ios`)"

SPEC REPOS:
  https://github.com/cocoapods/specs.git:
    - Analytics
    - CapacitorCordova

EXTERNAL SOURCES:
  Capacitor:
    :path: "../node_modules/@capacitor/ios"

SPEC CHECKSUMS:
  Analytics: 63744ad4afa65c3bcdcdb7a94b62515bde5b3900
  Capacitor: 48e6d22d3d2fe9fd95f6c128136a7b538b7fd50d
  CapacitorCordova: dd5a5a6ca827445b1f97ed0bb9ca4dbf424802c3

PODFILE CHECKSUM: 1cce9b39ac8b66b5f57d23ea8eb88573b3fb08ee

COCOAPODS: 1.6.1
